
Microsoft Visual Studio Solution File, Format Version 12.00
# Visual Studio Version 16
VisualStudioVersion = 16.0.32126.315
MinimumVisualStudioVersion = 10.0.40219.1
Project("{FAE04EC0-301F-11D3-BF4B-00C04F79EFBC}") = "T4_Bela", "T4_Bela\T4_Bela.csproj", "{0FA65127-8173-4C3B-86BA-9B7E6B90719F}"
EndProject
Global
	GlobalSection(SolutionConfigurationPlatforms) = preSolution
		Debug|Any CPU = Debug|Any CPU
		Release|Any CPU = Release|Any CPU
	EndGlobalSection
	GlobalSection(ProjectConfigurationPlatforms) = postSolution
		{0FA65127-8173-4C3B-86BA-9B7E6B90719F}.Debug|Any CPU.ActiveCfg = Debug|Any CPU
		{0FA65127-8173-4C3B-86BA-9B7E6B90719F}.Debug|Any CPU.Build.0 = Debug|Any CPU
		{0FA65127-8173-4C3B-86BA-9B7E6B90719F}.Release|Any CPU.ActiveCfg = Release|Any CPU
		{0FA65127-8173-4C3B-86BA-9B7E6B90719F}.Release|Any CPU.Build.0 = Release|Any CPU
	EndGlobalSection
	GlobalSection(SolutionProperties) = preSolution
		HideSolutionNode = FALSE
	EndGlobalSection
	GlobalSection(ExtensibilityGlobals) = postSolution
		SolutionGuid = {BC6C8C46-33F2-4214-A268-8CAB9D732ADF}
	EndGlobalSection
EndGlobal
